
Microsoft Visual Studio Solution File, Format Version 12.00
# Visual Studio 15
VisualStudioVersion = 15.0.28307.271
MinimumVisualStudioVersion = 10.0.40219.1
Project("{9A19103F-16F7-4668-BE54-9A1E7A4F7556}") = "WeddingWebsite", "WeddingWebsite\WeddingWebsite.csproj", "{DB6EB5D5-617E-42F0-977C-19DBF0350AC9}"
EndProject
Project("{FAE04EC0-301F-11D3-BF4B-00C04F79EFBC}") = "WeddingWebsite.BusinessLogic", "WeddingWebsite.BusinessLogic\WeddingWebsite.BusinessLogic.csproj", "{AAD2D859-26B7-4831-8492-3696025728EC}"
EndProject
Project("{FAE04EC0-301F-11D3-BF4B-00C04F79EFBC}") = "WeddingWebsite.BusinessLogic.Tests", "WeddingWebsite.BusinessLogic.Tests\WeddingWebsite.BusinessLogic.Tests.csproj", "{E33CFE26-BB48-4967-A446-ABD8E36FF5E3}"
EndProject
Global
	GlobalSection(SolutionConfigurationPlatforms) = preSolution
		Debug|Any CPU = Debug|Any CPU
		Release|Any CPU = Release|Any CPU
	EndGlobalSection
	GlobalSection(ProjectConfigurationPlatforms) = postSolution
		{DB6EB5D5-617E-42F0-977C-19DBF0350AC9}.Debug|Any CPU.ActiveCfg = Debug|Any CPU
		{DB6EB5D5-617E-42F0-977C-19DBF0350AC9}.Debug|Any CPU.Build.0 = Debug|Any CPU
		{DB6EB5D5-617E-42F0-977C-19DBF0350AC9}.Release|Any CPU.ActiveCfg = Release|Any CPU
		{DB6EB5D5-617E-42F0-977C-19DBF0350AC9}.Release|Any CPU.Build.0 = Release|Any CPU
		{AAD2D859-26B7-4831-8492-3696025728EC}.Debug|Any CPU.ActiveCfg = Debug|Any CPU
		{AAD2D859-26B7-4831-8492-3696025728EC}.Debug|Any CPU.Build.0 = Debug|Any CPU
		{AAD2D859-26B7-4831-8492-3696025728EC}.Release|Any CPU.ActiveCfg = Release|Any CPU
		{AAD2D859-26B7-4831-8492-3696025728EC}.Release|Any CPU.Build.0 = Release|Any CPU
		{E33CFE26-BB48-4967-A446-ABD8E36FF5E3}.Debug|Any CPU.ActiveCfg = Debug|Any CPU
		{E33CFE26-BB48-4967-A446-ABD8E36FF5E3}.Debug|Any CPU.Build.0 = Debug|Any CPU
		{E33CFE26-BB48-4967-A446-ABD8E36FF5E3}.Release|Any CPU.ActiveCfg = Release|Any CPU
		{E33CFE26-BB48-4967-A446-ABD8E36FF5E3}.Release|Any CPU.Build.0 = Release|Any CPU
	EndGlobalSection
	GlobalSection(SolutionProperties) = preSolution
		HideSolutionNode = FALSE
	EndGlobalSection
	GlobalSection(ExtensibilityGlobals) = postSolution
		SolutionGuid = {E42387EC-EC36-43DA-857B-32455404E964}
	EndGlobalSection
EndGlobal
